
Microsoft Visual Studio Solution File, Format Version 12.00
# Visual Studio Version 17
VisualStudioVersion = 17.7.33711.374
MinimumVisualStudioVersion = 10.0.40219.1
Project("{9A19103F-16F7-4668-BE54-9A1E7A4F7556}") = "LoginApp.Api", "LoginApp.Api\LoginApp.Api.csproj", "{627E44FB-A136-4577-80D8-B3F65DAB7405}"
EndProject
Project("{FAE04EC0-301F-11D3-BF4B-00C04F79EFBC}") = "LoginApp.Maui", "LoginApp.Maui\LoginApp.Maui.csproj", "{6CC2200B-A2F0-4F4D-8544-2FD2B5894325}"
EndProject
Global
	GlobalSection(SolutionConfigurationPlatforms) = preSolution
		Debug|Any CPU = Debug|Any CPU
		Release|Any CPU = Release|Any CPU
	EndGlobalSection
	GlobalSection(ProjectConfigurationPlatforms) = postSolution
		{627E44FB-A136-4577-80D8-B3F65DAB7405}.Debug|Any CPU.ActiveCfg = Debug|Any CPU
		{627E44FB-A136-4577-80D8-B3F65DAB7405}.Debug|Any CPU.Build.0 = Debug|Any CPU
		{627E44FB-A136-4577-80D8-B3F65DAB7405}.Release|Any CPU.ActiveCfg = Release|Any CPU
		{627E44FB-A136-4577-80D8-B3F65DAB7405}.Release|Any CPU.Build.0 = Release|Any CPU
		{6CC2200B-A2F0-4F4D-8544-2FD2B5894325}.Debug|Any CPU.ActiveCfg = Debug|Any CPU
		{6CC2200B-A2F0-4F4D-8544-2FD2B5894325}.Debug|Any CPU.Build.0 = Debug|Any CPU
		{6CC2200B-A2F0-4F4D-8544-2FD2B5894325}.Debug|Any CPU.Deploy.0 = Debug|Any CPU
		{6CC2200B-A2F0-4F4D-8544-2FD2B5894325}.Release|Any CPU.ActiveCfg = Release|Any CPU
		{6CC2200B-A2F0-4F4D-8544-2FD2B5894325}.Release|Any CPU.Build.0 = Release|Any CPU
		{6CC2200B-A2F0-4F4D-8544-2FD2B5894325}.Release|Any CPU.Deploy.0 = Release|Any CPU
	EndGlobalSection
	GlobalSection(SolutionProperties) = preSolution
		HideSolutionNode = FALSE
	EndGlobalSection
	GlobalSection(ExtensibilityGlobals) = postSolution
		SolutionGuid = {EB17AAAF-9186-4132-842E-8A163E76CED2}
	EndGlobalSection
EndGlobal
